
Microsoft Visual Studio Solution File, Format Version 12.00
# Visual Studio Version 16
VisualStudioVersion = 16.0.29102.190
MinimumVisualStudioVersion = 10.0.40219.1
Project("{FAE04EC0-301F-11D3-BF4B-00C04F79EFBC}") = "FacultiesOfKnu", "FacultiesOfKnu.csproj", "{CFEDF1C0-C8E7-4E55-B9EE-97FDFDB5D564}"
EndProject
Global
	GlobalSection(SolutionConfigurationPlatforms) = preSolution
		Debug|Any CPU = Debug|Any CPU
		Release|Any CPU = Release|Any CPU
	EndGlobalSection
	GlobalSection(ProjectConfigurationPlatforms) = postSolution
		{CFEDF1C0-C8E7-4E55-B9EE-97FDFDB5D564}.Debug|Any CPU.ActiveCfg = Debug|Any CPU
		{CFEDF1C0-C8E7-4E55-B9EE-97FDFDB5D564}.Debug|Any CPU.Build.0 = Debug|Any CPU
		{CFEDF1C0-C8E7-4E55-B9EE-97FDFDB5D564}.Release|Any CPU.ActiveCfg = Release|Any CPU
		{CFEDF1C0-C8E7-4E55-B9EE-97FDFDB5D564}.Release|Any CPU.Build.0 = Release|Any CPU
	EndGlobalSection
	GlobalSection(SolutionProperties) = preSolution
		HideSolutionNode = FALSE
	EndGlobalSection
	GlobalSection(ExtensibilityGlobals) = postSolution
		SolutionGuid = {75938A3B-77C2-4B9B-988C-AC1D6D7880EC}
	EndGlobalSection
EndGlobal
